# This file is automatically @generated by Poetry 1.8.3 and should not be changed by hand.

[[package]]
name = "faker"
version = "37.11.0"
description = "Faker is a Python package that generates fake data for you."
optional = false
python-versions = ">=3.9"
files = [
    {file = "faker-37.11.0-py3-none-any.whl", hash = "sha256:1508d2da94dfd1e0087b36f386126d84f8583b3de19ac18e392a2831a6676c57"},
    {file = "faker-37.11.0.tar.gz", hash = "sha256:22969803849ba0618be8eee2dd01d0d9e2cd3b75e6ff1a291fa9abcdb34da5e6"},
]

[package.dependencies]
tzdata = "*"

[[package]]
name = "tzdata"
version = "2025.2"
description = "Provider of IANA time zone data"
optional = false
python-versions = ">=2"
files = [
    {file = "tzdata-2025.2-py2.py3-none-any.whl", hash = "sha256:1a403fada01ff9221ca8044d701868fa132215d84beb92242d9acd2147f667a8"},
    {file = "tzdata-2025.2.tar.gz", hash = "sha256:b60a638fcc0daffadf82fe0f57e53d06bdec2f36c4df66280ae79bce6bd6f2b9"},
]

[metadata]
lock-version = "2.0"
python-versions = "^3.12"
content-hash = "a6c65581216c66cb9a6c43e4412290348b9cfce9f11ba370ef152d3e9db5aab1"
